
Microsoft Visual Studio Solution File, Format Version 12.00
# Visual Studio Version 17
VisualStudioVersion = 17.10.34928.147
MinimumVisualStudioVersion = 10.0.40219.1
Project("{FAE04EC0-301F-11D3-BF4B-00C04F79EFBC}") = "CollectionManager", "CollectionManager.csproj", "{55E3D5AA-C154-45ED-9FA3-29CB5F99AE9A}"
EndProject
Global
	GlobalSection(SolutionConfigurationPlatforms) = preSolution
		Debug|Any CPU = Debug|Any CPU
		Release|Any CPU = Release|Any CPU
	EndGlobalSection
	GlobalSection(ProjectConfigurationPlatforms) = postSolution
		{55E3D5AA-C154-45ED-9FA3-29CB5F99AE9A}.Debug|Any CPU.ActiveCfg = Debug|Any CPU
		{55E3D5AA-C154-45ED-9FA3-29CB5F99AE9A}.Debug|Any CPU.Build.0 = Debug|Any CPU
		{55E3D5AA-C154-45ED-9FA3-29CB5F99AE9A}.Release|Any CPU.ActiveCfg = Release|Any CPU
		{55E3D5AA-C154-45ED-9FA3-29CB5F99AE9A}.Release|Any CPU.Build.0 = Release|Any CPU
	EndGlobalSection
	GlobalSection(SolutionProperties) = preSolution
		HideSolutionNode = FALSE
	EndGlobalSection
	GlobalSection(ExtensibilityGlobals) = postSolution
		SolutionGuid = {5CB06BE3-D9EC-4645-832C-E59DF7F094CA}
	EndGlobalSection
EndGlobal
